
Microsoft Visual Studio Solution File, Format Version 12.00
# Visual Studio Version 16
VisualStudioVersion = 16.0.31729.503
MinimumVisualStudioVersion = 10.0.40219.1
Project("{888888A0-9F3D-457C-B088-3A5042F75D52}") = "Botdlyatelegi", "Botdlyatelegi.pyproj", "{462F9ECE-910F-4A0E-AC47-2932581795CE}"
EndProject
Global
	GlobalSection(SolutionConfigurationPlatforms) = preSolution
		Debug|Any CPU = Debug|Any CPU
		Release|Any CPU = Release|Any CPU
	EndGlobalSection
	GlobalSection(ProjectConfigurationPlatforms) = postSolution
		{462F9ECE-910F-4A0E-AC47-2932581795CE}.Debug|Any CPU.ActiveCfg = Debug|Any CPU
		{462F9ECE-910F-4A0E-AC47-2932581795CE}.Release|Any CPU.ActiveCfg = Release|Any CPU
	EndGlobalSection
	GlobalSection(SolutionProperties) = preSolution
		HideSolutionNode = FALSE
	EndGlobalSection
	GlobalSection(ExtensibilityGlobals) = postSolution
		SolutionGuid = {34F41860-130E-4345-984B-8486EC02D551}
	EndGlobalSection
EndGlobal
